
Microsoft Visual Studio Solution File, Format Version 12.00
# Visual Studio Version 17
VisualStudioVersion = 17.1.32421.90
MinimumVisualStudioVersion = 10.0.40219.1
Project("{FAE04EC0-301F-11D3-BF4B-00C04F79EFBC}") = "Section7_Security.Server", "Section7_Security\Server\Section7_Security.Server.csproj", "{E99C7C23-0D82-4C9E-86CB-6733E216D87E}"
EndProject
Project("{FAE04EC0-301F-11D3-BF4B-00C04F79EFBC}") = "Section7_Security.Client", "Section7_Security\Client\Section7_Security.Client.csproj", "{D598039A-F5FE-4336-831E-514ADCD5ADF1}"
EndProject
Project("{FAE04EC0-301F-11D3-BF4B-00C04F79EFBC}") = "Section7_Security.Shared", "Section7_Security\Shared\Section7_Security.Shared.csproj", "{8CC2C452-ED50-4ED6-9752-86A00E030D12}"
EndProject
Global
	GlobalSection(SolutionConfigurationPlatforms) = preSolution
		Debug|Any CPU = Debug|Any CPU
		Release|Any CPU = Release|Any CPU
	EndGlobalSection
	GlobalSection(ProjectConfigurationPlatforms) = postSolution
		{E99C7C23-0D82-4C9E-86CB-6733E216D87E}.Debug|Any CPU.ActiveCfg = Debug|Any CPU
		{E99C7C23-0D82-4C9E-86CB-6733E216D87E}.Debug|Any CPU.Build.0 = Debug|Any CPU
		{E99C7C23-0D82-4C9E-86CB-6733E216D87E}.Release|Any CPU.ActiveCfg = Release|Any CPU
		{E99C7C23-0D82-4C9E-86CB-6733E216D87E}.Release|Any CPU.Build.0 = Release|Any CPU
		{D598039A-F5FE-4336-831E-514ADCD5ADF1}.Debug|Any CPU.ActiveCfg = Debug|Any CPU
		{D598039A-F5FE-4336-831E-514ADCD5ADF1}.Debug|Any CPU.Build.0 = Debug|Any CPU
		{D598039A-F5FE-4336-831E-514ADCD5ADF1}.Release|Any CPU.ActiveCfg = Release|Any CPU
		{D598039A-F5FE-4336-831E-514ADCD5ADF1}.Release|Any CPU.Build.0 = Release|Any CPU
		{8CC2C452-ED50-4ED6-9752-86A00E030D12}.Debug|Any CPU.ActiveCfg = Debug|Any CPU
		{8CC2C452-ED50-4ED6-9752-86A00E030D12}.Debug|Any CPU.Build.0 = Debug|Any CPU
		{8CC2C452-ED50-4ED6-9752-86A00E030D12}.Release|Any CPU.ActiveCfg = Release|Any CPU
		{8CC2C452-ED50-4ED6-9752-86A00E030D12}.Release|Any CPU.Build.0 = Release|Any CPU
	EndGlobalSection
	GlobalSection(SolutionProperties) = preSolution
		HideSolutionNode = FALSE
	EndGlobalSection
	GlobalSection(ExtensibilityGlobals) = postSolution
		SolutionGuid = {EA9A7ECB-328E-4DD0-8822-A3068B7F1964}
	EndGlobalSection
EndGlobal
